// !$*UTF8*$!
{
	archiveVersion = 1;
	classes = {
	};
	objectVersion = 55;
	objects = {

/* Begin PBXBuildFile section */
		B8223D3A2815CBA000EF5F5A /* Geometry.swift in Sources */ = {isa = PBXBuildFile; fileRef = B8223D392815CBA000EF5F5A /* Geometry.swift */; };
		B8381DAC29EB5D360075C3B0 /* HistoryHome.swift in Sources */ = {isa = PBXBuildFile; fileRef = B8CD9F552809D6EE0009BBDA /* HistoryHome.swift */; };
		B8381DAF29EC28A70075C3B0 /* CounterSettings.swift in Sources */ = {isa = PBXBuildFile; fileRef = B8381DAE29EC28A70075C3B0 /* CounterSettings.swift */; };
		B84AE35C2845B4AE00A9FB83 /* MailView.swift in Sources */ = {isa = PBXBuildFile; fileRef = B84AE35B2845B4AE00A9FB83 /* MailView.swift */; };
		B84D695129B5AD45005096AF /* DailyFatStore.swift in Sources */ = {isa = PBXBuildFile; fileRef = B8CD9F5C2809E1900009BBDA /* DailyFatStore.swift */; };
		B84D695229B5AD89005096AF /* DebugLog.swift in Sources */ = {isa = PBXBuildFile; fileRef = B88B59E6280CA7EB007054D5 /* DebugLog.swift */; };
		B84D695329B5AEF9005096AF /* CounterData.swift in Sources */ = {isa = PBXBuildFile; fileRef = B8B131E327FA2219007ABA20 /* CounterData.swift */; };
		B84D695429B5AF12005096AF /* Numbers.swift in Sources */ = {isa = PBXBuildFile; fileRef = B8D8214827FA837000B28F90 /* Numbers.swift */; };
		B87F2AAC29B4F96B009D41A3 /* HistoryGraph.swift in Sources */ = {isa = PBXBuildFile; fileRef = B8CD9F602809F2240009BBDA /* HistoryGraph.swift */; };
		B87F2AAD29B4F96B009D41A3 /* HistoryRow.swift in Sources */ = {isa = PBXBuildFile; fileRef = B8CD9F5E2809EB730009BBDA /* HistoryRow.swift */; };
		B87F2AAE29B4F977009D41A3 /* DateFormatters.swift in Sources */ = {isa = PBXBuildFile; fileRef = B88975A6284FFA2D00CF697B /* DateFormatters.swift */; };
		B87F2AAF29B4F9D3009D41A3 /* DailyFat.swift in Sources */ = {isa = PBXBuildFile; fileRef = B8CD9F5A2809DBF10009BBDA /* DailyFat.swift */; };
		B88975A7284FFA2D00CF697B /* DateFormatters.swift in Sources */ = {isa = PBXBuildFile; fileRef = B88975A6284FFA2D00CF697B /* DateFormatters.swift */; };
		B88B59E7280CA7EB007054D5 /* DebugLog.swift in Sources */ = {isa = PBXBuildFile; fileRef = B88B59E6280CA7EB007054D5 /* DebugLog.swift */; };
		B8AB4B7128036BAF00A55E8D /* AppIcon.swift in Sources */ = {isa = PBXBuildFile; fileRef = B8AB4B7028036BAF00A55E8D /* AppIcon.swift */; };
		B8AFB0EA27F1365B008B5AD3 /* DailyFatCounterApp.swift in Sources */ = {isa = PBXBuildFile; fileRef = B8AFB0E927F1365B008B5AD3 /* DailyFatCounterApp.swift */; };
		B8AFB0EC27F1365B008B5AD3 /* ContentView.swift in Sources */ = {isa = PBXBuildFile; fileRef = B8AFB0EB27F1365B008B5AD3 /* ContentView.swift */; };
		B8AFB0EE27F13661008B5AD3 /* Assets.xcassets in Resources */ = {isa = PBXBuildFile; fileRef = B8AFB0ED27F13661008B5AD3 /* Assets.xcassets */; };
		B8AFB0F127F13661008B5AD3 /* Preview Assets.xcassets in Resources */ = {isa = PBXBuildFile; fileRef = B8AFB0F027F13661008B5AD3 /* Preview Assets.xcassets */; };
		B8AFB0FB27F13662008B5AD3 /* Daily_Fat_CounterTests.swift in Sources */ = {isa = PBXBuildFile; fileRef = B8AFB0FA27F13662008B5AD3 /* Daily_Fat_CounterTests.swift */; };
		B8AFB10527F13662008B5AD3 /* Daily_Fat_CounterUITests.swift in Sources */ = {isa = PBXBuildFile; fileRef = B8AFB10427F13662008B5AD3 /* Daily_Fat_CounterUITests.swift */; };
		B8AFB10727F13662008B5AD3 /* Daily_Fat_CounterUITestsLaunchTests.swift in Sources */ = {isa = PBXBuildFile; fileRef = B8AFB10627F13662008B5AD3 /* Daily_Fat_CounterUITestsLaunchTests.swift */; };
		B8AFB11427F136D0008B5AD3 /* InteractiveCounter.swift in Sources */ = {isa = PBXBuildFile; fileRef = B8AFB11327F136D0008B5AD3 /* InteractiveCounter.swift */; };
		B8B131DC27F8DCBD007ABA20 /* Colours.swift in Sources */ = {isa = PBXBuildFile; fileRef = B8B131DB27F8DCBD007ABA20 /* Colours.swift */; };
		B8B131DE27F900F8007ABA20 /* CounterHome.swift in Sources */ = {isa = PBXBuildFile; fileRef = B8B131DD27F900F8007ABA20 /* CounterHome.swift */; };
		B8B131E027F914ED007ABA20 /* CounterButton.swift in Sources */ = {isa = PBXBuildFile; fileRef = B8B131DF27F914ED007ABA20 /* CounterButton.swift */; };
		B8B131E427FA2219007ABA20 /* CounterData.swift in Sources */ = {isa = PBXBuildFile; fileRef = B8B131E327FA2219007ABA20 /* CounterData.swift */; };
		B8B131E627FA3E72007ABA20 /* CounterSettings.swift in Sources */ = {isa = PBXBuildFile; fileRef = B8B131E527FA3E71007ABA20 /* CounterSettings.swift */; };
		B8B8C5A129CE332E006DAA02 /* ContentView.swift in Sources */ = {isa = PBXBuildFile; fileRef = B8B8C5A029CE332E006DAA02 /* ContentView.swift */; };
		B8B8C5A629CE3333006DAA02 /* Preview Assets.xcassets in Resources */ = {isa = PBXBuildFile; fileRef = B8B8C5A529CE3333006DAA02 /* Preview Assets.xcassets */; };
		B8B8C5AA29CE33FE006DAA02 /* DailyFat.swift in Sources */ = {isa = PBXBuildFile; fileRef = B8CD9F5A2809DBF10009BBDA /* DailyFat.swift */; };
		B8B8C5AB29CE33FE006DAA02 /* DailyFatStore.swift in Sources */ = {isa = PBXBuildFile; fileRef = B8CD9F5C2809E1900009BBDA /* DailyFatStore.swift */; };
		B8B8C5AC29CE33FE006DAA02 /* HistoryGraph.swift in Sources */ = {isa = PBXBuildFile; fileRef = B8CD9F602809F2240009BBDA /* HistoryGraph.swift */; };
		B8B8C5AD29CE33FE006DAA02 /* DebugLog.swift in Sources */ = {isa = PBXBuildFile; fileRef = B88B59E6280CA7EB007054D5 /* DebugLog.swift */; };
		B8B8C5AE29CE33FE006DAA02 /* CounterData.swift in Sources */ = {isa = PBXBuildFile; fileRef = B8B131E327FA2219007ABA20 /* CounterData.swift */; };
		B8B8C5AF29CE33FE006DAA02 /* HistoryRow.swift in Sources */ = {isa = PBXBuildFile; fileRef = B8CD9F5E2809EB730009BBDA /* HistoryRow.swift */; };
		B8B8C5B029CE33FE006DAA02 /* Numbers.swift in Sources */ = {isa = PBXBuildFile; fileRef = B8D8214827FA837000B28F90 /* Numbers.swift */; };
		B8B8C5B129CE33FE006DAA02 /* Geometry.swift in Sources */ = {isa = PBXBuildFile; fileRef = B8223D392815CBA000EF5F5A /* Geometry.swift */; };
		B8B8C5B229CE33FE006DAA02 /* DateFormatters.swift in Sources */ = {isa = PBXBuildFile; fileRef = B88975A6284FFA2D00CF697B /* DateFormatters.swift */; };
		B8B8C5B329CE33FE006DAA02 /* Colours.swift in Sources */ = {isa = PBXBuildFile; fileRef = B8B131DB27F8DCBD007ABA20 /* Colours.swift */; };
		B8B8C5B429CE33FE006DAA02 /* InteractiveCounter.swift in Sources */ = {isa = PBXBuildFile; fileRef = B8AFB11327F136D0008B5AD3 /* InteractiveCounter.swift */; };
		B8B8C5B529CE33FE006DAA02 /* Strings.swift in Sources */ = {isa = PBXBuildFile; fileRef = B8C841B929B6AEFE00318B6B /* Strings.swift */; };
		B8B8C5B629CE33FE006DAA02 /* CounterView.swift in Sources */ = {isa = PBXBuildFile; fileRef = B8CEB39F29B2F1F0004CE824 /* CounterView.swift */; };
		B8B8C5B729CE33FE006DAA02 /* DailyFatCounterApp.swift in Sources */ = {isa = PBXBuildFile; fileRef = B8AFB0E927F1365B008B5AD3 /* DailyFatCounterApp.swift */; };
		B8B8C5B929CE347B006DAA02 /* Assets.xcassets in Resources */ = {isa = PBXBuildFile; fileRef = B8AFB0ED27F13661008B5AD3 /* Assets.xcassets */; };
		B8C841BA29B6AEFE00318B6B /* Strings.swift in Sources */ = {isa = PBXBuildFile; fileRef = B8C841B929B6AEFE00318B6B /* Strings.swift */; };
		B8C841BB29B6AEFE00318B6B /* Strings.swift in Sources */ = {isa = PBXBuildFile; fileRef = B8C841B929B6AEFE00318B6B /* Strings.swift */; };
		B8CCC38229EC3AFD00D1FD4C /* GoalSetting.swift in Sources */ = {isa = PBXBuildFile; fileRef = B8CCC38129EC3AFD00D1FD4C /* GoalSetting.swift */; };
		B8CD9F562809D6EE0009BBDA /* HistoryHome.swift in Sources */ = {isa = PBXBuildFile; fileRef = B8CD9F552809D6EE0009BBDA /* HistoryHome.swift */; };
		B8CD9F5B2809DBF10009BBDA /* DailyFat.swift in Sources */ = {isa = PBXBuildFile; fileRef = B8CD9F5A2809DBF10009BBDA /* DailyFat.swift */; };
		B8CD9F5D2809E1900009BBDA /* DailyFatStore.swift in Sources */ = {isa = PBXBuildFile; fileRef = B8CD9F5C2809E1900009BBDA /* DailyFatStore.swift */; };
		B8CD9F5F2809EB730009BBDA /* HistoryRow.swift in Sources */ = {isa = PBXBuildFile; fileRef = B8CD9F5E2809EB730009BBDA /* HistoryRow.swift */; };
		B8CD9F612809F2240009BBDA /* HistoryGraph.swift in Sources */ = {isa = PBXBuildFile; fileRef = B8CD9F602809F2240009BBDA /* HistoryGraph.swift */; };
		B8CEB38C29B2ED81004CE824 /* WidgetKit.framework in Frameworks */ = {isa = PBXBuildFile; fileRef = B8CEB38B29B2ED81004CE824 /* WidgetKit.framework */; };
		B8CEB38E29B2ED81004CE824 /* SwiftUI.framework in Frameworks */ = {isa = PBXBuildFile; fileRef = B8CEB38D29B2ED81004CE824 /* SwiftUI.framework */; };
		B8CEB39129B2ED81004CE824 /* Daily_Fat_Counter_WidgetBundle.swift in Sources */ = {isa = PBXBuildFile; fileRef = B8CEB39029B2ED81004CE824 /* Daily_Fat_Counter_WidgetBundle.swift */; };
		B8CEB39329B2ED81004CE824 /* DailyFatCounterWidget.swift in Sources */ = {isa = PBXBuildFile; fileRef = B8CEB39229B2ED81004CE824 /* DailyFatCounterWidget.swift */; };
		B8CEB39529B2ED83004CE824 /* Assets.xcassets in Resources */ = {isa = PBXBuildFile; fileRef = B8CEB39429B2ED83004CE824 /* Assets.xcassets */; };
		B8CEB39929B2ED83004CE824 /* Daily Fat Counter WidgetExtension.appex in Embed Foundation Extensions */ = {isa = PBXBuildFile; fileRef = B8CEB38929B2ED81004CE824 /* Daily Fat Counter WidgetExtension.appex */; settings = {ATTRIBUTES = (RemoveHeadersOnCopy, ); }; };
		B8CEB3A029B2F1F1004CE824 /* CounterView.swift in Sources */ = {isa = PBXBuildFile; fileRef = B8CEB39F29B2F1F0004CE824 /* CounterView.swift */; };
		B8CEB3A129B2F1F1004CE824 /* CounterView.swift in Sources */ = {isa = PBXBuildFile; fileRef = B8CEB39F29B2F1F0004CE824 /* CounterView.swift */; };
		B8CEB3A229B2F352004CE824 /* Colours.swift in Sources */ = {isa = PBXBuildFile; fileRef = B8B131DB27F8DCBD007ABA20 /* Colours.swift */; };
		B8CEB3A329B2F5B8004CE824 /* Assets.xcassets in Resources */ = {isa = PBXBuildFile; fileRef = B8AFB0ED27F13661008B5AD3 /* Assets.xcassets */; };
		B8D8214927FA837000B28F90 /* Numbers.swift in Sources */ = {isa = PBXBuildFile; fileRef = B8D8214827FA837000B28F90 /* Numbers.swift */; };
/* End PBXBuildFile section */

/* Begin PBXContainerItemProxy section */
		B8AFB0F727F13662008B5AD3 /* PBXContainerItemProxy */ = {
			isa = PBXContainerItemProxy;
			containerPortal = B8AFB0DE27F1365B008B5AD3 /* Project object */;
			proxyType = 1;
			remoteGlobalIDString = B8AFB0E527F1365B008B5AD3;
			remoteInfo = "Daily Fat Counter";
		};
		B8AFB10127F13662008B5AD3 /* PBXContainerItemProxy */ = {
			isa = PBXContainerItemProxy;
			containerPortal = B8AFB0DE27F1365B008B5AD3 /* Project object */;
			proxyType = 1;
			remoteGlobalIDString = B8AFB0E527F1365B008B5AD3;
			remoteInfo = "Daily Fat Counter";
		};
		B8CEB39729B2ED83004CE824 /* PBXContainerItemProxy */ = {
			isa = PBXContainerItemProxy;
			containerPortal = B8AFB0DE27F1365B008B5AD3 /* Project object */;
			proxyType = 1;
			remoteGlobalIDString = B8CEB38829B2ED81004CE824;
			remoteInfo = "Daily Fat Counter WidgetExtension";
		};
/* End PBXContainerItemProxy section */

/* Begin PBXCopyFilesBuildPhase section */
		B8CEB39A29B2ED83004CE824 /* Embed Foundation Extensions */ = {
			isa = PBXCopyFilesBuildPhase;
			buildActionMask = 2147483647;
			dstPath = "";
			dstSubfolderSpec = 13;
			files = (
				B8CEB39929B2ED83004CE824 /* Daily Fat Counter WidgetExtension.appex in Embed Foundation Extensions */,
			);
			name = "Embed Foundation Extensions";
			runOnlyForDeploymentPostprocessing = 0;
		};
/* End PBXCopyFilesBuildPhase section */

/* Begin PBXFileReference section */
		B8223D392815CBA000EF5F5A /* Geometry.swift */ = {isa = PBXFileReference; lastKnownFileType = sourcecode.swift; path = Geometry.swift; sourceTree = "<group>"; };
		B8381DAA29EB5B400075C3B0 /* Daily Fat Counter Watch Watch App.entitlements */ = {isa = PBXFileReference; lastKnownFileType = text.plist.entitlements; path = "Daily Fat Counter Watch Watch App.entitlements"; sourceTree = "<group>"; };
		B8381DAE29EC28A70075C3B0 /* CounterSettings.swift */ = {isa = PBXFileReference; lastKnownFileType = sourcecode.swift; path = CounterSettings.swift; sourceTree = "<group>"; };
		B84AE35B2845B4AE00A9FB83 /* MailView.swift */ = {isa = PBXFileReference; lastKnownFileType = sourcecode.swift; path = MailView.swift; sourceTree = "<group>"; };
		B88975A6284FFA2D00CF697B /* DateFormatters.swift */ = {isa = PBXFileReference; lastKnownFileType = sourcecode.swift; path = DateFormatters.swift; sourceTree = "<group>"; };
		B88B59E6280CA7EB007054D5 /* DebugLog.swift */ = {isa = PBXFileReference; lastKnownFileType = sourcecode.swift; path = DebugLog.swift; sourceTree = "<group>"; };
		B8AB4B7028036BAF00A55E8D /* AppIcon.swift */ = {isa = PBXFileReference; lastKnownFileType = sourcecode.swift; path = AppIcon.swift; sourceTree = "<group>"; };
		B8AFB0E627F1365B008B5AD3 /* Daily Fat Counter.app */ = {isa = PBXFileReference; explicitFileType = wrapper.application; includeInIndex = 0; path = "Daily Fat Counter.app"; sourceTree = BUILT_PRODUCTS_DIR; };
		B8AFB0E927F1365B008B5AD3 /* DailyFatCounterApp.swift */ = {isa = PBXFileReference; lastKnownFileType = sourcecode.swift; path = DailyFatCounterApp.swift; sourceTree = "<group>"; };
		B8AFB0EB27F1365B008B5AD3 /* ContentView.swift */ = {isa = PBXFileReference; lastKnownFileType = sourcecode.swift; path = ContentView.swift; sourceTree = "<group>"; };
		B8AFB0ED27F13661008B5AD3 /* Assets.xcassets */ = {isa = PBXFileReference; lastKnownFileType = folder.assetcatalog; path = Assets.xcassets; sourceTree = "<group>"; };
		B8AFB0F027F13661008B5AD3 /* Preview Assets.xcassets */ = {isa = PBXFileReference; lastKnownFileType = folder.assetcatalog; path = "Preview Assets.xcassets"; sourceTree = "<group>"; };
		B8AFB0F627F13662008B5AD3 /* Daily Fat CounterTests.xctest */ = {isa = PBXFileReference; explicitFileType = wrapper.cfbundle; includeInIndex = 0; path = "Daily Fat CounterTests.xctest"; sourceTree = BUILT_PRODUCTS_DIR; };
		B8AFB0FA27F13662008B5AD3 /* Daily_Fat_CounterTests.swift */ = {isa = PBXFileReference; lastKnownFileType = sourcecode.swift; path = Daily_Fat_CounterTests.swift; sourceTree = "<group>"; };
		B8AFB10027F13662008B5AD3 /* Daily Fat CounterUITests.xctest */ = {isa = PBXFileReference; explicitFileType = wrapper.cfbundle; includeInIndex = 0; path = "Daily Fat CounterUITests.xctest"; sourceTree = BUILT_PRODUCTS_DIR; };
		B8AFB10427F13662008B5AD3 /* Daily_Fat_CounterUITests.swift */ = {isa = PBXFileReference; lastKnownFileType = sourcecode.swift; path = Daily_Fat_CounterUITests.swift; sourceTree = "<group>"; };
		B8AFB10627F13662008B5AD3 /* Daily_Fat_CounterUITestsLaunchTests.swift */ = {isa = PBXFileReference; lastKnownFileType = sourcecode.swift; path = Daily_Fat_CounterUITestsLaunchTests.swift; sourceTree = "<group>"; };
		B8AFB11327F136D0008B5AD3 /* InteractiveCounter.swift */ = {isa = PBXFileReference; lastKnownFileType = sourcecode.swift; path = InteractiveCounter.swift; sourceTree = "<group>"; };
		B8B131DB27F8DCBD007ABA20 /* Colours.swift */ = {isa = PBXFileReference; lastKnownFileType = sourcecode.swift; path = Colours.swift; sourceTree = "<group>"; };
		B8B131DD27F900F8007ABA20 /* CounterHome.swift */ = {isa = PBXFileReference; lastKnownFileType = sourcecode.swift; path = CounterHome.swift; sourceTree = "<group>"; };
		B8B131DF27F914ED007ABA20 /* CounterButton.swift */ = {isa = PBXFileReference; lastKnownFileType = sourcecode.swift; path = CounterButton.swift; sourceTree = "<group>"; };
		B8B131E327FA2219007ABA20 /* CounterData.swift */ = {isa = PBXFileReference; lastKnownFileType = sourcecode.swift; path = CounterData.swift; sourceTree = "<group>"; };
		B8B131E527FA3E71007ABA20 /* CounterSettings.swift */ = {isa = PBXFileReference; lastKnownFileType = sourcecode.swift; path = CounterSettings.swift; sourceTree = "<group>"; };
		B8B8C59C29CE332E006DAA02 /* Daily Fat Counter.app */ = {isa = PBXFileReference; explicitFileType = wrapper.application; includeInIndex = 0; path = "Daily Fat Counter.app"; sourceTree = BUILT_PRODUCTS_DIR; };
		B8B8C5A029CE332E006DAA02 /* ContentView.swift */ = {isa = PBXFileReference; lastKnownFileType = sourcecode.swift; path = ContentView.swift; sourceTree = "<group>"; };
		B8B8C5A529CE3333006DAA02 /* Preview Assets.xcassets */ = {isa = PBXFileReference; lastKnownFileType = folder.assetcatalog; path = "Preview Assets.xcassets"; sourceTree = "<group>"; };
		B8BF81FB2867A09A00525C50 /* Daily-Fat-Counter-Info.plist */ = {isa = PBXFileReference; lastKnownFileType = text.plist; path = "Daily-Fat-Counter-Info.plist"; sourceTree = SOURCE_ROOT; };
		B8C841B929B6AEFE00318B6B /* Strings.swift */ = {isa = PBXFileReference; lastKnownFileType = sourcecode.swift; path = Strings.swift; sourceTree = "<group>"; };
		B8CCC38129EC3AFD00D1FD4C /* GoalSetting.swift */ = {isa = PBXFileReference; lastKnownFileType = sourcecode.swift; path = GoalSetting.swift; sourceTree = "<group>"; };
		B8CD9F552809D6EE0009BBDA /* HistoryHome.swift */ = {isa = PBXFileReference; lastKnownFileType = sourcecode.swift; path = HistoryHome.swift; sourceTree = "<group>"; };
		B8CD9F5A2809DBF10009BBDA /* DailyFat.swift */ = {isa = PBXFileReference; lastKnownFileType = sourcecode.swift; path = DailyFat.swift; sourceTree = "<group>"; };
		B8CD9F5C2809E1900009BBDA /* DailyFatStore.swift */ = {isa = PBXFileReference; lastKnownFileType = sourcecode.swift; path = DailyFatStore.swift; sourceTree = "<group>"; };
		B8CD9F5E2809EB730009BBDA /* HistoryRow.swift */ = {isa = PBXFileReference; lastKnownFileType = sourcecode.swift; path = HistoryRow.swift; sourceTree = "<group>"; };
		B8CD9F602809F2240009BBDA /* HistoryGraph.swift */ = {isa = PBXFileReference; lastKnownFileType = sourcecode.swift; path = HistoryGraph.swift; sourceTree = "<group>"; };
		B8CEB38929B2ED81004CE824 /* Daily Fat Counter WidgetExtension.appex */ = {isa = PBXFileReference; explicitFileType = "wrapper.app-extension"; includeInIndex = 0; path = "Daily Fat Counter WidgetExtension.appex"; sourceTree = BUILT_PRODUCTS_DIR; };
		B8CEB38B29B2ED81004CE824 /* WidgetKit.framework */ = {isa = PBXFileReference; lastKnownFileType = wrapper.framework; name = WidgetKit.framework; path = System/Library/Frameworks/WidgetKit.framework; sourceTree = SDKROOT; };
		B8CEB38D29B2ED81004CE824 /* SwiftUI.framework */ = {isa = PBXFileReference; lastKnownFileType = wrapper.framework; name = SwiftUI.framework; path = System/Library/Frameworks/SwiftUI.framework; sourceTree = SDKROOT; };
		B8CEB39029B2ED81004CE824 /* Daily_Fat_Counter_WidgetBundle.swift */ = {isa = PBXFileReference; lastKnownFileType = sourcecode.swift; path = Daily_Fat_Counter_WidgetBundle.swift; sourceTree = "<group>"; };
		B8CEB39229B2ED81004CE824 /* DailyFatCounterWidget.swift */ = {isa = PBXFileReference; lastKnownFileType = sourcecode.swift; path = DailyFatCounterWidget.swift; sourceTree = "<group>"; };
		B8CEB39429B2ED83004CE824 /* Assets.xcassets */ = {isa = PBXFileReference; lastKnownFileType = folder.assetcatalog; path = Assets.xcassets; sourceTree = "<group>"; };
		B8CEB39629B2ED83004CE824 /* Info.plist */ = {isa = PBXFileReference; lastKnownFileType = text.plist.xml; path = Info.plist; sourceTree = "<group>"; };
		B8CEB39F29B2F1F0004CE824 /* CounterView.swift */ = {isa = PBXFileReference; lastKnownFileType = sourcecode.swift; path = CounterView.swift; sourceTree = "<group>"; };
		B8CEB3A429B2FDD4004CE824 /* Daily Fat Counter.entitlements */ = {isa = PBXFileReference; lastKnownFileType = text.plist.entitlements; path = "Daily Fat Counter.entitlements"; sourceTree = "<group>"; };
		B8CEB3A529B2FE15004CE824 /* Daily Fat Counter WidgetExtension.entitlements */ = {isa = PBXFileReference; lastKnownFileType = text.plist.entitlements; path = "Daily Fat Counter WidgetExtension.entitlements"; sourceTree = "<group>"; };
		B8D8214827FA837000B28F90 /* Numbers.swift */ = {isa = PBXFileReference; lastKnownFileType = sourcecode.swift; path = Numbers.swift; sourceTree = "<group>"; };
/* End PBXFileReference section */

/* Begin PBXFrameworksBuildPhase section */
		B8AFB0E327F1365B008B5AD3 /* Frameworks */ = {
			isa = PBXFrameworksBuildPhase;
			buildActionMask = 2147483647;
			files = (
			);
			runOnlyForDeploymentPostprocessing = 0;
		};
		B8AFB0F327F13662008B5AD3 /* Frameworks */ = {
			isa = PBXFrameworksBuildPhase;
			buildActionMask = 2147483647;
			files = (
			);
			runOnlyForDeploymentPostprocessing = 0;
		};
		B8AFB0FD27F13662008B5AD3 /* Frameworks */ = {
			isa = PBXFrameworksBuildPhase;
			buildActionMask = 2147483647;
			files = (
			);
			runOnlyForDeploymentPostprocessing = 0;
		};
		B8B8C59929CE332E006DAA02 /* Frameworks */ = {
			isa = PBXFrameworksBuildPhase;
			buildActionMask = 2147483647;
			files = (
			);
			runOnlyForDeploymentPostprocessing = 0;
		};
		B8CEB38629B2ED81004CE824 /* Frameworks */ = {
			isa = PBXFrameworksBuildPhase;
			buildActionMask = 2147483647;
			files = (
				B8CEB38E29B2ED81004CE824 /* SwiftUI.framework in Frameworks */,
				B8CEB38C29B2ED81004CE824 /* WidgetKit.framework in Frameworks */,
			);
			runOnlyForDeploymentPostprocessing = 0;
		};
/* End PBXFrameworksBuildPhase section */

/* Begin PBXGroup section */
		B8381DB029EC28B00075C3B0 /* Watch UI */ = {
			isa = PBXGroup;
			children = (
				B8381DAE29EC28A70075C3B0 /* CounterSettings.swift */,
				B8CCC38129EC3AFD00D1FD4C /* GoalSetting.swift */,
			);
			path = "Watch UI";
			sourceTree = "<group>";
		};
		B84AE35A2845B48E00A9FB83 /* Settings */ = {
			isa = PBXGroup;
			children = (
				B8B131E527FA3E71007ABA20 /* CounterSettings.swift */,
				B84AE35B2845B4AE00A9FB83 /* MailView.swift */,
			);
			path = Settings;
			sourceTree = "<group>";
		};
		B8AFB0DD27F1365B008B5AD3 = {
			isa = PBXGroup;
			children = (
				B8CEB3A529B2FE15004CE824 /* Daily Fat Counter WidgetExtension.entitlements */,
				B8AFB0E827F1365B008B5AD3 /* Daily Fat Counter */,
				B8AFB0F927F13662008B5AD3 /* Daily Fat CounterTests */,
				B8AFB10327F13662008B5AD3 /* Daily Fat CounterUITests */,
				B8CEB38F29B2ED81004CE824 /* Daily Fat Counter Widget */,
				B8B8C59D29CE332E006DAA02 /* Daily Fat Counter Watch Watch App */,
				B8CEB38A29B2ED81004CE824 /* Frameworks */,
				B8AFB0E727F1365B008B5AD3 /* Products */,
			);
			sourceTree = "<group>";
		};
		B8AFB0E727F1365B008B5AD3 /* Products */ = {
			isa = PBXGroup;
			children = (
				B8AFB0E627F1365B008B5AD3 /* Daily Fat Counter.app */,
				B8AFB0F627F13662008B5AD3 /* Daily Fat CounterTests.xctest */,
				B8AFB10027F13662008B5AD3 /* Daily Fat CounterUITests.xctest */,
				B8CEB38929B2ED81004CE824 /* Daily Fat Counter WidgetExtension.appex */,
				B8B8C59C29CE332E006DAA02 /* Daily Fat Counter.app */,
			);
			name = Products;
			sourceTree = "<group>";
		};
		B8AFB0E827F1365B008B5AD3 /* Daily Fat Counter */ = {
			isa = PBXGroup;
			children = (
				B8CEB3A429B2FDD4004CE824 /* Daily Fat Counter.entitlements */,
				B8BF81FB2867A09A00525C50 /* Daily-Fat-Counter-Info.plist */,
				B84AE35A2845B48E00A9FB83 /* Settings */,
				B8CD9F582809DB1C0009BBDA /* Icons */,
				B8CD9F572809DB0A0009BBDA /* Models */,
				B8CD9F542809D6D60009BBDA /* History Views */,
				B8B131E227FA1C81007ABA20 /* Values */,
				B8B131E127FA1C63007ABA20 /* CounterViews */,
				B88B59E6280CA7EB007054D5 /* DebugLog.swift */,
				B8AFB0E927F1365B008B5AD3 /* DailyFatCounterApp.swift */,
				B8AFB0EB27F1365B008B5AD3 /* ContentView.swift */,
				B8AFB0ED27F13661008B5AD3 /* Assets.xcassets */,
				B8AFB0EF27F13661008B5AD3 /* Preview Content */,
			);
			path = "Daily Fat Counter";
			sourceTree = "<group>";
		};
		B8AFB0EF27F13661008B5AD3 /* Preview Content */ = {
			isa = PBXGroup;
			children = (
				B8AFB0F027F13661008B5AD3 /* Preview Assets.xcassets */,
			);
			path = "Preview Content";
			sourceTree = "<group>";
		};
		B8AFB0F927F13662008B5AD3 /* Daily Fat CounterTests */ = {
			isa = PBXGroup;
			children = (
				B8AFB0FA27F13662008B5AD3 /* Daily_Fat_CounterTests.swift */,
			);
			path = "Daily Fat CounterTests";
			sourceTree = "<group>";
		};
		B8AFB10327F13662008B5AD3 /* Daily Fat CounterUITests */ = {
			isa = PBXGroup;
			children = (
				B8AFB10427F13662008B5AD3 /* Daily_Fat_CounterUITests.swift */,
				B8AFB10627F13662008B5AD3 /* Daily_Fat_CounterUITestsLaunchTests.swift */,
			);
			path = "Daily Fat CounterUITests";
			sourceTree = "<group>";
		};
		B8B131E127FA1C63007ABA20 /* CounterViews */ = {
			isa = PBXGroup;
			children = (
				B8AFB11327F136D0008B5AD3 /* InteractiveCounter.swift */,
				B8B131DD27F900F8007ABA20 /* CounterHome.swift */,
				B8B131DF27F914ED007ABA20 /* CounterButton.swift */,
				B8CEB39F29B2F1F0004CE824 /* CounterView.swift */,
			);
			path = CounterViews;
			sourceTree = "<group>";
		};
		B8B131E227FA1C81007ABA20 /* Values */ = {
			isa = PBXGroup;
			children = (
				B8D8214827FA837000B28F90 /* Numbers.swift */,
				B8B131DB27F8DCBD007ABA20 /* Colours.swift */,
				B8223D392815CBA000EF5F5A /* Geometry.swift */,
				B88975A6284FFA2D00CF697B /* DateFormatters.swift */,
				B8C841B929B6AEFE00318B6B /* Strings.swift */,
			);
			path = Values;
			sourceTree = "<group>";
		};
		B8B8C59D29CE332E006DAA02 /* Daily Fat Counter Watch Watch App */ = {
			isa = PBXGroup;
			children = (
				B8381DAA29EB5B400075C3B0 /* Daily Fat Counter Watch Watch App.entitlements */,
				B8381DB029EC28B00075C3B0 /* Watch UI */,
				B8B8C5A029CE332E006DAA02 /* ContentView.swift */,
				B8B8C5A429CE3333006DAA02 /* Preview Content */,
			);
			path = "Daily Fat Counter Watch Watch App";
			sourceTree = "<group>";
		};
		B8B8C5A429CE3333006DAA02 /* Preview Content */ = {
			isa = PBXGroup;
			children = (
				B8B8C5A529CE3333006DAA02 /* Preview Assets.xcassets */,
			);
			path = "Preview Content";
			sourceTree = "<group>";
		};
		B8CD9F542809D6D60009BBDA /* History Views */ = {
			isa = PBXGroup;
			children = (
				B8CD9F5E2809EB730009BBDA /* HistoryRow.swift */,
				B8CD9F602809F2240009BBDA /* HistoryGraph.swift */,
				B8CD9F552809D6EE0009BBDA /* HistoryHome.swift */,
			);
			path = "History Views";
			sourceTree = "<group>";
		};
		B8CD9F572809DB0A0009BBDA /* Models */ = {
			isa = PBXGroup;
			children = (
				B8CD9F592809DB720009BBDA /* History */,
				B8B131E327FA2219007ABA20 /* CounterData.swift */,
			);
			path = Models;
			sourceTree = "<group>";
		};
		B8CD9F582809DB1C0009BBDA /* Icons */ = {
			isa = PBXGroup;
			children = (
				B8AB4B7028036BAF00A55E8D /* AppIcon.swift */,
			);
			path = Icons;
			sourceTree = "<group>";
		};
		B8CD9F592809DB720009BBDA /* History */ = {
			isa = PBXGroup;
			children = (
				B8CD9F5A2809DBF10009BBDA /* DailyFat.swift */,
				B8CD9F5C2809E1900009BBDA /* DailyFatStore.swift */,
			);
			path = History;
			sourceTree = "<group>";
		};
		B8CEB38A29B2ED81004CE824 /* Frameworks */ = {
			isa = PBXGroup;
			children = (
				B8CEB38B29B2ED81004CE824 /* WidgetKit.framework */,
				B8CEB38D29B2ED81004CE824 /* SwiftUI.framework */,
			);
			name = Frameworks;
			sourceTree = "<group>";
		};
		B8CEB38F29B2ED81004CE824 /* Daily Fat Counter Widget */ = {
			isa = PBXGroup;
			children = (
				B8CEB39029B2ED81004CE824 /* Daily_Fat_Counter_WidgetBundle.swift */,
				B8CEB39229B2ED81004CE824 /* DailyFatCounterWidget.swift */,
				B8CEB39429B2ED83004CE824 /* Assets.xcassets */,
				B8CEB39629B2ED83004CE824 /* Info.plist */,
			);
			path = "Daily Fat Counter Widget";
			sourceTree = "<group>";
		};
/* End PBXGroup section */

/* Begin PBXNativeTarget section */
		B8AFB0E527F1365B008B5AD3 /* Daily Fat Counter */ = {
			isa = PBXNativeTarget;
			buildConfigurationList = B8AFB10A27F13662008B5AD3 /* Build configuration list for PBXNativeTarget "Daily Fat Counter" */;
			buildPhases = (
				B8AFB0E227F1365B008B5AD3 /* Sources */,
				B8AFB0E327F1365B008B5AD3 /* Frameworks */,
				B8AFB0E427F1365B008B5AD3 /* Resources */,
				B8CEB39A29B2ED83004CE824 /* Embed Foundation Extensions */,
			);
			buildRules = (
			);
			dependencies = (
				B8CEB39829B2ED83004CE824 /* PBXTargetDependency */,
			);
			name = "Daily Fat Counter";
			productName = "Daily Fat Counter";
			productReference = B8AFB0E627F1365B008B5AD3 /* Daily Fat Counter.app */;
			productType = "com.apple.product-type.application";
		};
		B8AFB0F527F13662008B5AD3 /* Daily Fat CounterTests */ = {
			isa = PBXNativeTarget;
			buildConfigurationList = B8AFB10D27F13662008B5AD3 /* Build configuration list for PBXNativeTarget "Daily Fat CounterTests" */;
			buildPhases = (
				B8AFB0F227F13662008B5AD3 /* Sources */,
				B8AFB0F327F13662008B5AD3 /* Frameworks */,
				B8AFB0F427F13662008B5AD3 /* Resources */,
			);
			buildRules = (
			);
			dependencies = (
				B8AFB0F827F13662008B5AD3 /* PBXTargetDependency */,
			);
			name = "Daily Fat CounterTests";
			productName = "Daily Fat CounterTests";
			productReference = B8AFB0F627F13662008B5AD3 /* Daily Fat CounterTests.xctest */;
			productType = "com.apple.product-type.bundle.unit-test";
		};
		B8AFB0FF27F13662008B5AD3 /* Daily Fat CounterUITests */ = {
			isa = PBXNativeTarget;
			buildConfigurationList = B8AFB11027F13662008B5AD3 /* Build configuration list for PBXNativeTarget "Daily Fat CounterUITests" */;
			buildPhases = (
				B8AFB0FC27F13662008B5AD3 /* Sources */,
				B8AFB0FD27F13662008B5AD3 /* Frameworks */,
				B8AFB0FE27F13662008B5AD3 /* Resources */,
			);
			buildRules = (
			);
			dependencies = (
				B8AFB10227F13662008B5AD3 /* PBXTargetDependency */,
			);
			name = "Daily Fat CounterUITests";
			productName = "Daily Fat CounterUITests";
			productReference = B8AFB10027F13662008B5AD3 /* Daily Fat CounterUITests.xctest */;
			productType = "com.apple.product-type.bundle.ui-testing";
		};
		B8B8C59B29CE332E006DAA02 /* Daily Fat Counter Watch Watch App */ = {
			isa = PBXNativeTarget;
			buildConfigurationList = B8B8C5A929CE3333006DAA02 /* Build configuration list for PBXNativeTarget "Daily Fat Counter Watch Watch App" */;
			buildPhases = (
				B8B8C59829CE332E006DAA02 /* Sources */,
				B8B8C59929CE332E006DAA02 /* Frameworks */,
				B8B8C59A29CE332E006DAA02 /* Resources */,
			);
			buildRules = (
			);
			dependencies = (
			);
			name = "Daily Fat Counter Watch Watch App";
			productName = "Daily Fat Counter Watch Watch App";
			productReference = B8B8C59C29CE332E006DAA02 /* Daily Fat Counter.app */;
			productType = "com.apple.product-type.application";
		};
		B8CEB38829B2ED81004CE824 /* Daily Fat Counter WidgetExtension */ = {
			isa = PBXNativeTarget;
			buildConfigurationList = B8CEB39D29B2ED83004CE824 /* Build configuration list for PBXNativeTarget "Daily Fat Counter WidgetExtension" */;
			buildPhases = (
				B8CEB38529B2ED81004CE824 /* Sources */,
				B8CEB38629B2ED81004CE824 /* Frameworks */,
				B8CEB38729B2ED81004CE824 /* Resources */,
			);
			buildRules = (
			);
			dependencies = (
			);
			name = "Daily Fat Counter WidgetExtension";
			productName = "Daily Fat Counter WidgetExtension";
			productReference = B8CEB38929B2ED81004CE824 /* Daily Fat Counter WidgetExtension.appex */;
			productType = "com.apple.product-type.app-extension";
		};
/* End PBXNativeTarget section */

/* Begin PBXProject section */
		B8AFB0DE27F1365B008B5AD3 /* Project object */ = {
			isa = PBXProject;
			attributes = {
				BuildIndependentTargetsInParallel = 1;
				LastSwiftUpdateCheck = 1420;
				LastUpgradeCheck = 1330;
				TargetAttributes = {
					B8AFB0E527F1365B008B5AD3 = {
						CreatedOnToolsVersion = 13.3;
					};
					B8AFB0F527F13662008B5AD3 = {
						CreatedOnToolsVersion = 13.3;
						TestTargetID = B8AFB0E527F1365B008B5AD3;
					};
					B8AFB0FF27F13662008B5AD3 = {
						CreatedOnToolsVersion = 13.3;
						TestTargetID = B8AFB0E527F1365B008B5AD3;
					};
					B8B8C59B29CE332E006DAA02 = {
						CreatedOnToolsVersion = 14.2;
					};
					B8CEB38829B2ED81004CE824 = {
						CreatedOnToolsVersion = 14.2;
					};
				};
			};
			buildConfigurationList = B8AFB0E127F1365B008B5AD3 /* Build configuration list for PBXProject "Daily Fat Counter" */;
			compatibilityVersion = "Xcode 13.0";
			developmentRegion = en;
			hasScannedForEncodings = 0;
			knownRegions = (
				en,
				Base,
			);
			mainGroup = B8AFB0DD27F1365B008B5AD3;
			productRefGroup = B8AFB0E727F1365B008B5AD3 /* Products */;
			projectDirPath = "";
			projectRoot = "";
			targets = (
				B8AFB0E527F1365B008B5AD3 /* Daily Fat Counter */,
				B8AFB0F527F13662008B5AD3 /* Daily Fat CounterTests */,
				B8AFB0FF27F13662008B5AD3 /* Daily Fat CounterUITests */,
				B8CEB38829B2ED81004CE824 /* Daily Fat Counter WidgetExtension */,
				B8B8C59B29CE332E006DAA02 /* Daily Fat Counter Watch Watch App */,
			);
		};
/* End PBXProject section */

/* Begin PBXResourcesBuildPhase section */
		B8AFB0E427F1365B008B5AD3 /* Resources */ = {
			isa = PBXResourcesBuildPhase;
			buildActionMask = 2147483647;
			files = (
				B8AFB0F127F13661008B5AD3 /* Preview Assets.xcassets in Resources */,
				B8AFB0EE27F13661008B5AD3 /* Assets.xcassets in Resources */,
			);
			runOnlyForDeploymentPostprocessing = 0;
		};
		B8AFB0F427F13662008B5AD3 /* Resources */ = {
			isa = PBXResourcesBuildPhase;
			buildActionMask = 2147483647;
			files = (
			);
			runOnlyForDeploymentPostprocessing = 0;
		};
		B8AFB0FE27F13662008B5AD3 /* Resources */ = {
			isa = PBXResourcesBuildPhase;
			buildActionMask = 2147483647;
			files = (
			);
			runOnlyForDeploymentPostprocessing = 0;
		};
		B8B8C59A29CE332E006DAA02 /* Resources */ = {
			isa = PBXResourcesBuildPhase;
			buildActionMask = 2147483647;
			files = (
				B8B8C5A629CE3333006DAA02 /* Preview Assets.xcassets in Resources */,
				B8B8C5B929CE347B006DAA02 /* Assets.xcassets in Resources */,
			);
			runOnlyForDeploymentPostprocessing = 0;
		};
		B8CEB38729B2ED81004CE824 /* Resources */ = {
			isa = PBXResourcesBuildPhase;
			buildActionMask = 2147483647;
			files = (
				B8CEB3A329B2F5B8004CE824 /* Assets.xcassets in Resources */,
				B8CEB39529B2ED83004CE824 /* Assets.xcassets in Resources */,
			);
			runOnlyForDeploymentPostprocessing = 0;
		};
/* End PBXResourcesBuildPhase section */

/* Begin PBXSourcesBuildPhase section */
		B8AFB0E227F1365B008B5AD3 /* Sources */ = {
			isa = PBXSourcesBuildPhase;
			buildActionMask = 2147483647;
			files = (
				B88975A7284FFA2D00CF697B /* DateFormatters.swift in Sources */,
				B8223D3A2815CBA000EF5F5A /* Geometry.swift in Sources */,
				B8CD9F612809F2240009BBDA /* HistoryGraph.swift in Sources */,
				B8AB4B7128036BAF00A55E8D /* AppIcon.swift in Sources */,
				B88B59E7280CA7EB007054D5 /* DebugLog.swift in Sources */,
				B8CD9F5D2809E1900009BBDA /* DailyFatStore.swift in Sources */,
				B8AFB0EC27F1365B008B5AD3 /* ContentView.swift in Sources */,
				B8B131E627FA3E72007ABA20 /* CounterSettings.swift in Sources */,
				B84AE35C2845B4AE00A9FB83 /* MailView.swift in Sources */,
				B8AFB0EA27F1365B008B5AD3 /* DailyFatCounterApp.swift in Sources */,
				B8AFB11427F136D0008B5AD3 /* InteractiveCounter.swift in Sources */,
				B8B131DE27F900F8007ABA20 /* CounterHome.swift in Sources */,
				B8B131E027F914ED007ABA20 /* CounterButton.swift in Sources */,
				B8C841BA29B6AEFE00318B6B /* Strings.swift in Sources */,
				B8CD9F5B2809DBF10009BBDA /* DailyFat.swift in Sources */,
				B8CD9F5F2809EB730009BBDA /* HistoryRow.swift in Sources */,
				B8CD9F562809D6EE0009BBDA /* HistoryHome.swift in Sources */,
				B8B131DC27F8DCBD007ABA20 /* Colours.swift in Sources */,
				B8B131E427FA2219007ABA20 /* CounterData.swift in Sources */,
				B8D8214927FA837000B28F90 /* Numbers.swift in Sources */,
				B8CEB3A029B2F1F1004CE824 /* CounterView.swift in Sources */,
			);
			runOnlyForDeploymentPostprocessing = 0;
		};
		B8AFB0F227F13662008B5AD3 /* Sources */ = {
			isa = PBXSourcesBuildPhase;
			buildActionMask = 2147483647;
			files = (
				B8AFB0FB27F13662008B5AD3 /* Daily_Fat_CounterTests.swift in Sources */,
			);
			runOnlyForDeploymentPostprocessing = 0;
		};
		B8AFB0FC27F13662008B5AD3 /* Sources */ = {
			isa = PBXSourcesBuildPhase;
			buildActionMask = 2147483647;
			files = (
				B8AFB10527F13662008B5AD3 /* Daily_Fat_CounterUITests.swift in Sources */,
				B8AFB10727F13662008B5AD3 /* Daily_Fat_CounterUITestsLaunchTests.swift in Sources */,
			);
			runOnlyForDeploymentPostprocessing = 0;
		};
		B8B8C59829CE332E006DAA02 /* Sources */ = {
			isa = PBXSourcesBuildPhase;
			buildActionMask = 2147483647;
			files = (
				B8B8C5AD29CE33FE006DAA02 /* DebugLog.swift in Sources */,
				B8B8C5B429CE33FE006DAA02 /* InteractiveCounter.swift in Sources */,
				B8B8C5A129CE332E006DAA02 /* ContentView.swift in Sources */,
				B8B8C5B629CE33FE006DAA02 /* CounterView.swift in Sources */,
				B8B8C5B329CE33FE006DAA02 /* Colours.swift in Sources */,
				B8381DAF29EC28A70075C3B0 /* CounterSettings.swift in Sources */,
				B8B8C5AF29CE33FE006DAA02 /* HistoryRow.swift in Sources */,
				B8CCC38229EC3AFD00D1FD4C /* GoalSetting.swift in Sources */,
				B8B8C5AE29CE33FE006DAA02 /* CounterData.swift in Sources */,
				B8381DAC29EB5D360075C3B0 /* HistoryHome.swift in Sources */,
				B8B8C5B029CE33FE006DAA02 /* Numbers.swift in Sources */,
				B8B8C5B529CE33FE006DAA02 /* Strings.swift in Sources */,
				B8B8C5AC29CE33FE006DAA02 /* HistoryGraph.swift in Sources */,
				B8B8C5B229CE33FE006DAA02 /* DateFormatters.swift in Sources */,
				B8B8C5AA29CE33FE006DAA02 /* DailyFat.swift in Sources */,
				B8B8C5B129CE33FE006DAA02 /* Geometry.swift in Sources */,
				B8B8C5AB29CE33FE006DAA02 /* DailyFatStore.swift in Sources */,
				B8B8C5B729CE33FE006DAA02 /* DailyFatCounterApp.swift in Sources */,
			);
			runOnlyForDeploymentPostprocessing = 0;
		};
		B8CEB38529B2ED81004CE824 /* Sources */ = {
			isa = PBXSourcesBuildPhase;
			buildActionMask = 2147483647;
			files = (
				B84D695229B5AD89005096AF /* DebugLog.swift in Sources */,
				B87F2AAC29B4F96B009D41A3 /* HistoryGraph.swift in Sources */,
				B8CEB39329B2ED81004CE824 /* DailyFatCounterWidget.swift in Sources */,
				B84D695129B5AD45005096AF /* DailyFatStore.swift in Sources */,
				B8CEB39129B2ED81004CE824 /* Daily_Fat_Counter_WidgetBundle.swift in Sources */,
				B87F2AAD29B4F96B009D41A3 /* HistoryRow.swift in Sources */,
				B84D695329B5AEF9005096AF /* CounterData.swift in Sources */,
				B8C841BB29B6AEFE00318B6B /* Strings.swift in Sources */,
				B8CEB3A129B2F1F1004CE824 /* CounterView.swift in Sources */,
				B84D695429B5AF12005096AF /* Numbers.swift in Sources */,
				B8CEB3A229B2F352004CE824 /* Colours.swift in Sources */,
				B87F2AAE29B4F977009D41A3 /* DateFormatters.swift in Sources */,
				B87F2AAF29B4F9D3009D41A3 /* DailyFat.swift in Sources */,
			);
			runOnlyForDeploymentPostprocessing = 0;
		};
/* End PBXSourcesBuildPhase section */

/* Begin PBXTargetDependency section */
		B8AFB0F827F13662008B5AD3 /* PBXTargetDependency */ = {
			isa = PBXTargetDependency;
			target = B8AFB0E527F1365B008B5AD3 /* Daily Fat Counter */;
			targetProxy = B8AFB0F727F13662008B5AD3 /* PBXContainerItemProxy */;
		};
		B8AFB10227F13662008B5AD3 /* PBXTargetDependency */ = {
			isa = PBXTargetDependency;
			target = B8AFB0E527F1365B008B5AD3 /* Daily Fat Counter */;
			targetProxy = B8AFB10127F13662008B5AD3 /* PBXContainerItemProxy */;
		};
		B8CEB39829B2ED83004CE824 /* PBXTargetDependency */ = {
			isa = PBXTargetDependency;
			target = B8CEB38829B2ED81004CE824 /* Daily Fat Counter WidgetExtension */;
			targetProxy = B8CEB39729B2ED83004CE824 /* PBXContainerItemProxy */;
		};
/* End PBXTargetDependency section */

/* Begin XCBuildConfiguration section */
		B8AFB10827F13662008B5AD3 /* Debug */ = {
			isa = XCBuildConfiguration;
			buildSettings = {
				ALWAYS_SEARCH_USER_PATHS = NO;
				CLANG_ANALYZER_NONNULL = YES;
				CLANG_ANALYZER_NUMBER_OBJECT_CONVERSION = YES_AGGRESSIVE;
				CLANG_CXX_LANGUAGE_STANDARD = "gnu++17";
				CLANG_ENABLE_MODULES = YES;
				CLANG_ENABLE_OBJC_ARC = YES;
				CLANG_ENABLE_OBJC_WEAK = YES;
				CLANG_WARN_BLOCK_CAPTURE_AUTORELEASING = YES;
				CLANG_WARN_BOOL_CONVERSION = YES;
				CLANG_WARN_COMMA = YES;
				CLANG_WARN_CONSTANT_CONVERSION = YES;
				CLANG_WARN_DEPRECATED_OBJC_IMPLEMENTATIONS = YES;
				CLANG_WARN_DIRECT_OBJC_ISA_USAGE = YES_ERROR;
				CLANG_WARN_DOCUMENTATION_COMMENTS = YES;
				CLANG_WARN_EMPTY_BODY = YES;
				CLANG_WARN_ENUM_CONVERSION = YES;
				CLANG_WARN_INFINITE_RECURSION = YES;
				CLANG_WARN_INT_CONVERSION = YES;
				CLANG_WARN_NON_LITERAL_NULL_CONVERSION = YES;
				CLANG_WARN_OBJC_IMPLICIT_RETAIN_SELF = YES;
				CLANG_WARN_OBJC_LITERAL_CONVERSION = YES;
				CLANG_WARN_OBJC_ROOT_CLASS = YES_ERROR;
				CLANG_WARN_QUOTED_INCLUDE_IN_FRAMEWORK_HEADER = YES;
				CLANG_WARN_RANGE_LOOP_ANALYSIS = YES;
				CLANG_WARN_STRICT_PROTOTYPES = YES;
				CLANG_WARN_SUSPICIOUS_MOVE = YES;
				CLANG_WARN_UNGUARDED_AVAILABILITY = YES_AGGRESSIVE;
				CLANG_WARN_UNREACHABLE_CODE = YES;
				CLANG_WARN__DUPLICATE_METHOD_MATCH = YES;
				COPY_PHASE_STRIP = NO;
				DEBUG_INFORMATION_FORMAT = dwarf;
				ENABLE_STRICT_OBJC_MSGSEND = YES;
				ENABLE_TESTABILITY = YES;
				GCC_C_LANGUAGE_STANDARD = gnu11;
				GCC_DYNAMIC_NO_PIC = NO;
				GCC_NO_COMMON_BLOCKS = YES;
				GCC_OPTIMIZATION_LEVEL = 0;
				GCC_PREPROCESSOR_DEFINITIONS = (
					"DEBUG=1",
					"$(inherited)",
				);
				GCC_WARN_64_TO_32_BIT_CONVERSION = YES;
				GCC_WARN_ABOUT_RETURN_TYPE = YES_ERROR;
				GCC_WARN_UNDECLARED_SELECTOR = YES;
				GCC_WARN_UNINITIALIZED_AUTOS = YES_AGGRESSIVE;
				GCC_WARN_UNUSED_FUNCTION = YES;
				GCC_WARN_UNUSED_VARIABLE = YES;
				IPHONEOS_DEPLOYMENT_TARGET = 16.2;
				MTL_ENABLE_DEBUG_INFO = INCLUDE_SOURCE;
				MTL_FAST_MATH = YES;
				ONLY_ACTIVE_ARCH = YES;
				SDKROOT = iphoneos;
				SWIFT_ACTIVE_COMPILATION_CONDITIONS = DEBUG;
				SWIFT_OPTIMIZATION_LEVEL = "-Onone";
			};
			name = Debug;
		};
		B8AFB10927F13662008B5AD3 /* Release */ = {
			isa = XCBuildConfiguration;
			buildSettings = {
				ALWAYS_SEARCH_USER_PATHS = NO;
				CLANG_ANALYZER_NONNULL = YES;
				CLANG_ANALYZER_NUMBER_OBJECT_CONVERSION = YES_AGGRESSIVE;
				CLANG_CXX_LANGUAGE_STANDARD = "gnu++17";
				CLANG_ENABLE_MODULES = YES;
				CLANG_ENABLE_OBJC_ARC = YES;
				CLANG_ENABLE_OBJC_WEAK = YES;
				CLANG_WARN_BLOCK_CAPTURE_AUTORELEASING = YES;
				CLANG_WARN_BOOL_CONVERSION = YES;
				CLANG_WARN_COMMA = YES;
				CLANG_WARN_CONSTANT_CONVERSION = YES;
				CLANG_WARN_DEPRECATED_OBJC_IMPLEMENTATIONS = YES;
				CLANG_WARN_DIRECT_OBJC_ISA_USAGE = YES_ERROR;
				CLANG_WARN_DOCUMENTATION_COMMENTS = YES;
				CLANG_WARN_EMPTY_BODY = YES;
				CLANG_WARN_ENUM_CONVERSION = YES;
				CLANG_WARN_INFINITE_RECURSION = YES;
				CLANG_WARN_INT_CONVERSION = YES;
				CLANG_WARN_NON_LITERAL_NULL_CONVERSION = YES;
				CLANG_WARN_OBJC_IMPLICIT_RETAIN_SELF = YES;
				CLANG_WARN_OBJC_LITERAL_CONVERSION = YES;
				CLANG_WARN_OBJC_ROOT_CLASS = YES_ERROR;
				CLANG_WARN_QUOTED_INCLUDE_IN_FRAMEWORK_HEADER = YES;
				CLANG_WARN_RANGE_LOOP_ANALYSIS = YES;
				CLANG_WARN_STRICT_PROTOTYPES = YES;
				CLANG_WARN_SUSPICIOUS_MOVE = YES;
				CLANG_WARN_UNGUARDED_AVAILABILITY = YES_AGGRESSIVE;
				CLANG_WARN_UNREACHABLE_CODE = YES;
				CLANG_WARN__DUPLICATE_METHOD_MATCH = YES;
				COPY_PHASE_STRIP = NO;
				DEBUG_INFORMATION_FORMAT = "dwarf-with-dsym";
				ENABLE_NS_ASSERTIONS = NO;
				ENABLE_STRICT_OBJC_MSGSEND = YES;
				GCC_C_LANGUAGE_STANDARD = gnu11;
				GCC_NO_COMMON_BLOCKS = YES;
				GCC_WARN_64_TO_32_BIT_CONVERSION = YES;
				GCC_WARN_ABOUT_RETURN_TYPE = YES_ERROR;
				GCC_WARN_UNDECLARED_SELECTOR = YES;
				GCC_WARN_UNINITIALIZED_AUTOS = YES_AGGRESSIVE;
				GCC_WARN_UNUSED_FUNCTION = YES;
				GCC_WARN_UNUSED_VARIABLE = YES;
				IPHONEOS_DEPLOYMENT_TARGET = 16.2;
				MTL_ENABLE_DEBUG_INFO = NO;
				MTL_FAST_MATH = YES;
				SDKROOT = iphoneos;
				SWIFT_COMPILATION_MODE = wholemodule;
				SWIFT_OPTIMIZATION_LEVEL = "-O";
				VALIDATE_PRODUCT = YES;
			};
			name = Release;
		};
		B8AFB10B27F13662008B5AD3 /* Debug */ = {
			isa = XCBuildConfiguration;
			buildSettings = {
				ALWAYS_EMBED_SWIFT_STANDARD_LIBRARIES = YES;
				ASSETCATALOG_COMPILER_APPICON_NAME = AppIcon;
				ASSETCATALOG_COMPILER_GLOBAL_ACCENT_COLOR_NAME = AccentColor;
				CODE_SIGN_ENTITLEMENTS = "Daily Fat Counter/Daily Fat Counter.entitlements";
				CODE_SIGN_STYLE = Automatic;
				CURRENT_PROJECT_VERSION = 2;
				DEVELOPMENT_ASSET_PATHS = "\"Daily Fat Counter/Preview Content\"";
				DEVELOPMENT_TEAM = NVX5R79A76;
				ENABLE_PREVIEWS = YES;
				GENERATE_INFOPLIST_FILE = YES;
				INFOPLIST_FILE = "Daily-Fat-Counter-Info.plist";
				INFOPLIST_KEY_CFBundleDisplayName = "Daily Fat Counter";
				INFOPLIST_KEY_LSApplicationCategoryType = "public.app-category.healthcare-fitness";
				INFOPLIST_KEY_UIApplicationSceneManifest_Generation = YES;
				INFOPLIST_KEY_UIApplicationSupportsIndirectInputEvents = YES;
				INFOPLIST_KEY_UILaunchScreen_Generation = YES;
				INFOPLIST_KEY_UISupportedInterfaceOrientations = UIInterfaceOrientationPortrait;
				INFOPLIST_KEY_UISupportedInterfaceOrientations_iPad = "UIInterfaceOrientationPortrait UIInterfaceOrientationPortraitUpsideDown UIInterfaceOrientationLandscapeLeft UIInterfaceOrientationLandscapeRight";
				INFOPLIST_KEY_UISupportedInterfaceOrientations_iPhone = "UIInterfaceOrientationPortrait UIInterfaceOrientationPortraitUpsideDown";
				IPHONEOS_DEPLOYMENT_TARGET = 14.0;
				LD_RUNPATH_SEARCH_PATHS = (
					"$(inherited)",
					"@executable_path/Frameworks",
				);
				MARKETING_VERSION = 1.0;
				PRODUCT_BUNDLE_IDENTIFIER = ca.brendaninnis.dailyfatcounter;
				PRODUCT_NAME = "$(TARGET_NAME)";
				SWIFT_EMIT_LOC_STRINGS = YES;
				SWIFT_VERSION = 5.0;
				TARGETED_DEVICE_FAMILY = 1;
			};
			name = Debug;
		};
		B8AFB10C27F13662008B5AD3 /* Release */ = {
			isa = XCBuildConfiguration;
			buildSettings = {
				ALWAYS_EMBED_SWIFT_STANDARD_LIBRARIES = YES;
				ASSETCATALOG_COMPILER_APPICON_NAME = AppIcon;
				ASSETCATALOG_COMPILER_GLOBAL_ACCENT_COLOR_NAME = AccentColor;
				CODE_SIGN_ENTITLEMENTS = "Daily Fat Counter/Daily Fat Counter.entitlements";
				CODE_SIGN_STYLE = Automatic;
				CURRENT_PROJECT_VERSION = 2;
				DEVELOPMENT_ASSET_PATHS = "\"Daily Fat Counter/Preview Content\"";
				DEVELOPMENT_TEAM = NVX5R79A76;
				ENABLE_PREVIEWS = YES;
				GENERATE_INFOPLIST_FILE = YES;
				INFOPLIST_FILE = "Daily-Fat-Counter-Info.plist";
				INFOPLIST_KEY_CFBundleDisplayName = "Daily Fat Counter";
				INFOPLIST_KEY_LSApplicationCategoryType = "public.app-category.healthcare-fitness";
				INFOPLIST_KEY_UIApplicationSceneManifest_Generation = YES;
				INFOPLIST_KEY_UIApplicationSupportsIndirectInputEvents = YES;
				INFOPLIST_KEY_UILaunchScreen_Generation = YES;
				INFOPLIST_KEY_UISupportedInterfaceOrientations = UIInterfaceOrientationPortrait;
				INFOPLIST_KEY_UISupportedInterfaceOrientations_iPad = "UIInterfaceOrientationPortrait UIInterfaceOrientationPortraitUpsideDown UIInterfaceOrientationLandscapeLeft UIInterfaceOrientationLandscapeRight";
				INFOPLIST_KEY_UISupportedInterfaceOrientations_iPhone = "UIInterfaceOrientationPortrait UIInterfaceOrientationPortraitUpsideDown";
				IPHONEOS_DEPLOYMENT_TARGET = 14.0;
				LD_RUNPATH_SEARCH_PATHS = (
					"$(inherited)",
					"@executable_path/Frameworks",
				);
				MARKETING_VERSION = 1.0;
				PRODUCT_BUNDLE_IDENTIFIER = ca.brendaninnis.dailyfatcounter;
				PRODUCT_NAME = "$(TARGET_NAME)";
				SWIFT_EMIT_LOC_STRINGS = YES;
				SWIFT_VERSION = 5.0;
				TARGETED_DEVICE_FAMILY = 1;
			};
			name = Release;
		};
		B8AFB10E27F13662008B5AD3 /* Debug */ = {
			isa = XCBuildConfiguration;
			buildSettings = {
				ALWAYS_EMBED_SWIFT_STANDARD_LIBRARIES = YES;
				BUNDLE_LOADER = "$(TEST_HOST)";
				CODE_SIGN_STYLE = Automatic;
				CURRENT_PROJECT_VERSION = 1;
				DEVELOPMENT_TEAM = NVX5R79A76;
				GENERATE_INFOPLIST_FILE = YES;
				IPHONEOS_DEPLOYMENT_TARGET = 15.4;
				MARKETING_VERSION = 1.0;
				PRODUCT_BUNDLE_IDENTIFIER = "ca.brendaninnis.Daily-Fat-CounterTests";
				PRODUCT_NAME = "$(TARGET_NAME)";
				SWIFT_EMIT_LOC_STRINGS = NO;
				SWIFT_VERSION = 5.0;
				TARGETED_DEVICE_FAMILY = "1,2";
				TEST_HOST = "$(BUILT_PRODUCTS_DIR)/Daily Fat Counter.app/Daily Fat Counter";
			};
			name = Debug;
		};
		B8AFB10F27F13662008B5AD3 /* Release */ = {
			isa = XCBuildConfiguration;
			buildSettings = {
				ALWAYS_EMBED_SWIFT_STANDARD_LIBRARIES = YES;
				BUNDLE_LOADER = "$(TEST_HOST)";
				CODE_SIGN_STYLE = Automatic;
				CURRENT_PROJECT_VERSION = 1;
				DEVELOPMENT_TEAM = NVX5R79A76;
				GENERATE_INFOPLIST_FILE = YES;
				IPHONEOS_DEPLOYMENT_TARGET = 15.4;
				MARKETING_VERSION = 1.0;
				PRODUCT_BUNDLE_IDENTIFIER = "ca.brendaninnis.Daily-Fat-CounterTests";
				PRODUCT_NAME = "$(TARGET_NAME)";
				SWIFT_EMIT_LOC_STRINGS = NO;
				SWIFT_VERSION = 5.0;
				TARGETED_DEVICE_FAMILY = "1,2";
				TEST_HOST = "$(BUILT_PRODUCTS_DIR)/Daily Fat Counter.app/Daily Fat Counter";
			};
			name = Release;
		};
		B8AFB11127F13662008B5AD3 /* Debug */ = {
			isa = XCBuildConfiguration;
			buildSettings = {
				ALWAYS_EMBED_SWIFT_STANDARD_LIBRARIES = YES;
				CODE_SIGN_STYLE = Automatic;
				CURRENT_PROJECT_VERSION = 1;
				DEVELOPMENT_TEAM = NVX5R79A76;
				GENERATE_INFOPLIST_FILE = YES;
				MARKETING_VERSION = 1.0;
				PRODUCT_BUNDLE_IDENTIFIER = "ca.brendaninnis.Daily-Fat-CounterUITests";
				PRODUCT_NAME = "$(TARGET_NAME)";
				SWIFT_EMIT_LOC_STRINGS = NO;
				SWIFT_VERSION = 5.0;
				TARGETED_DEVICE_FAMILY = "1,2";
				TEST_TARGET_NAME = "Daily Fat Counter";
			};
			name = Debug;
		};
		B8AFB11227F13662008B5AD3 /* Release */ = {
			isa = XCBuildConfiguration;
			buildSettings = {
				ALWAYS_EMBED_SWIFT_STANDARD_LIBRARIES = YES;
				CODE_SIGN_STYLE = Automatic;
				CURRENT_PROJECT_VERSION = 1;
				DEVELOPMENT_TEAM = NVX5R79A76;
				GENERATE_INFOPLIST_FILE = YES;
				MARKETING_VERSION = 1.0;
				PRODUCT_BUNDLE_IDENTIFIER = "ca.brendaninnis.Daily-Fat-CounterUITests";
				PRODUCT_NAME = "$(TARGET_NAME)";
				SWIFT_EMIT_LOC_STRINGS = NO;
				SWIFT_VERSION = 5.0;
				TARGETED_DEVICE_FAMILY = "1,2";
				TEST_TARGET_NAME = "Daily Fat Counter";
			};
			name = Release;
		};
		B8B8C5A729CE3333006DAA02 /* Debug */ = {
			isa = XCBuildConfiguration;
			buildSettings = {
				ASSETCATALOG_COMPILER_APPICON_NAME = AppIcon;
				ASSETCATALOG_COMPILER_GLOBAL_ACCENT_COLOR_NAME = AccentColor;
				CLANG_CXX_LANGUAGE_STANDARD = "gnu++20";
				CODE_SIGN_ENTITLEMENTS = "Daily Fat Counter Watch Watch App/Daily Fat Counter Watch Watch App.entitlements";
				CODE_SIGN_STYLE = Automatic;
				CURRENT_PROJECT_VERSION = 1;
				DEVELOPMENT_ASSET_PATHS = "\"Daily Fat Counter Watch Watch App/Preview Content\"";
				DEVELOPMENT_TEAM = NVX5R79A76;
				ENABLE_PREVIEWS = YES;
				GENERATE_INFOPLIST_FILE = YES;
				INFOPLIST_KEY_UISupportedInterfaceOrientations = "UIInterfaceOrientationPortrait UIInterfaceOrientationPortraitUpsideDown";
				INFOPLIST_KEY_WKCompanionAppBundleIdentifier = "";
				INFOPLIST_KEY_WKRunsIndependentlyOfCompanionApp = YES;
				LD_RUNPATH_SEARCH_PATHS = (
					"$(inherited)",
					"@executable_path/Frameworks",
				);
				MARKETING_VERSION = 1.0;
				PRODUCT_BUNDLE_IDENTIFIER = .dailyfatcounter.watchkitapp;
				PRODUCT_NAME = "Daily Fat Counter";
				SDKROOT = watchos;
				SKIP_INSTALL = YES;
				SWIFT_EMIT_LOC_STRINGS = YES;
				SWIFT_VERSION = 5.0;
				TARGETED_DEVICE_FAMILY = 4;
				WATCHOS_DEPLOYMENT_TARGET = 7.0;
			};
			name = Debug;
		};
		B8B8C5A829CE3333006DAA02 /* Release */ = {
			isa = XCBuildConfiguration;
			buildSettings = {
				ASSETCATALOG_COMPILER_APPICON_NAME = AppIcon;
				ASSETCATALOG_COMPILER_GLOBAL_ACCENT_COLOR_NAME = AccentColor;
				CLANG_CXX_LANGUAGE_STANDARD = "gnu++20";
				CODE_SIGN_ENTITLEMENTS = "Daily Fat Counter Watch Watch App/Daily Fat Counter Watch Watch App.entitlements";
				CODE_SIGN_STYLE = Automatic;
				CURRENT_PROJECT_VERSION = 1;
				DEVELOPMENT_ASSET_PATHS = "\"Daily Fat Counter Watch Watch App/Preview Content\"";
				DEVELOPMENT_TEAM = NVX5R79A76;
				ENABLE_PREVIEWS = YES;
				GENERATE_INFOPLIST_FILE = YES;
				INFOPLIST_KEY_UISupportedInterfaceOrientations = "UIInterfaceOrientationPortrait UIInterfaceOrientationPortraitUpsideDown";
				INFOPLIST_KEY_WKCompanionAppBundleIdentifier = "";
				INFOPLIST_KEY_WKRunsIndependentlyOfCompanionApp = YES;
				LD_RUNPATH_SEARCH_PATHS = (
					"$(inherited)",
					"@executable_path/Frameworks",
				);
				MARKETING_VERSION = 1.0;
				PRODUCT_BUNDLE_IDENTIFIER = .dailyfatcounter.watchkitapp;
				PRODUCT_NAME = "Daily Fat Counter";
				SDKROOT = watchos;
				SKIP_INSTALL = YES;
				SWIFT_EMIT_LOC_STRINGS = YES;
				SWIFT_VERSION = 5.0;
				TARGETED_DEVICE_FAMILY = 4;
				WATCHOS_DEPLOYMENT_TARGET = 7.0;
			};
			name = Release;
		};
		B8CEB39B29B2ED83004CE824 /* Debug */ = {
			isa = XCBuildConfiguration;
			buildSettings = {
				ASSETCATALOG_COMPILER_GLOBAL_ACCENT_COLOR_NAME = AccentColor;
				ASSETCATALOG_COMPILER_WIDGET_BACKGROUND_COLOR_NAME = WidgetBackground;
				CLANG_CXX_LANGUAGE_STANDARD = "gnu++20";
				CODE_SIGN_ENTITLEMENTS = "Daily Fat Counter WidgetExtension.entitlements";
				CODE_SIGN_STYLE = Automatic;
				CURRENT_PROJECT_VERSION = 1;
				DEVELOPMENT_TEAM = NVX5R79A76;
				GENERATE_INFOPLIST_FILE = YES;
				INFOPLIST_FILE = "Daily Fat Counter Widget/Info.plist";
				INFOPLIST_KEY_CFBundleDisplayName = "Daily Fat Counter Widget";
				INFOPLIST_KEY_NSHumanReadableCopyright = "";
				IPHONEOS_DEPLOYMENT_TARGET = 14.0;
				LD_RUNPATH_SEARCH_PATHS = (
					"$(inherited)",
					"@executable_path/Frameworks",
					"@executable_path/../../Frameworks",
				);
				MARKETING_VERSION = 1.0;
				PRODUCT_BUNDLE_IDENTIFIER = "ca.brendaninnis.dailyfatcounter.Daily-Fat-Counter-Widget";
				PRODUCT_NAME = "$(TARGET_NAME)";
				SKIP_INSTALL = YES;
				SWIFT_EMIT_LOC_STRINGS = YES;
				SWIFT_VERSION = 5.0;
				TARGETED_DEVICE_FAMILY = "1,2";
			};
			name = Debug;
		};
		B8CEB39C29B2ED83004CE824 /* Release */ = {
			isa = XCBuildConfiguration;
			buildSettings = {
				ASSETCATALOG_COMPILER_GLOBAL_ACCENT_COLOR_NAME = AccentColor;
				ASSETCATALOG_COMPILER_WIDGET_BACKGROUND_COLOR_NAME = WidgetBackground;
				CLANG_CXX_LANGUAGE_STANDARD = "gnu++20";
				CODE_SIGN_ENTITLEMENTS = "Daily Fat Counter WidgetExtension.entitlements";
				CODE_SIGN_STYLE = Automatic;
				CURRENT_PROJECT_VERSION = 1;
				DEVELOPMENT_TEAM = NVX5R79A76;
				GENERATE_INFOPLIST_FILE = YES;
				INFOPLIST_FILE = "Daily Fat Counter Widget/Info.plist";
				INFOPLIST_KEY_CFBundleDisplayName = "Daily Fat Counter Widget";
				INFOPLIST_KEY_NSHumanReadableCopyright = "";
				IPHONEOS_DEPLOYMENT_TARGET = 14.0;
				LD_RUNPATH_SEARCH_PATHS = (
					"$(inherited)",
					"@executable_path/Frameworks",
					"@executable_path/../../Frameworks",
				);
				MARKETING_VERSION = 1.0;
				PRODUCT_BUNDLE_IDENTIFIER = "ca.brendaninnis.dailyfatcounter.Daily-Fat-Counter-Widget";
				PRODUCT_NAME = "$(TARGET_NAME)";
				SKIP_INSTALL = YES;
				SWIFT_EMIT_LOC_STRINGS = YES;
				SWIFT_VERSION = 5.0;
				TARGETED_DEVICE_FAMILY = "1,2";
			};
			name = Release;
		};
/* End XCBuildConfiguration section */

/* Begin XCConfigurationList section */
		B8AFB0E127F1365B008B5AD3 /* Build configuration list for PBXProject "Daily Fat Counter" */ = {
			isa = XCConfigurationList;
			buildConfigurations = (
				B8AFB10827F13662008B5AD3 /* Debug */,
				B8AFB10927F13662008B5AD3 /* Release */,
			);
			defaultConfigurationIsVisible = 0;
			defaultConfigurationName = Release;
		};
		B8AFB10A27F13662008B5AD3 /* Build configuration list for PBXNativeTarget "Daily Fat Counter" */ = {
			isa = XCConfigurationList;
			buildConfigurations = (
				B8AFB10B27F13662008B5AD3 /* Debug */,
				B8AFB10C27F13662008B5AD3 /* Release */,
			);
			defaultConfigurationIsVisible = 0;
			defaultConfigurationName = Release;
		};
		B8AFB10D27F13662008B5AD3 /* Build configuration list for PBXNativeTarget "Daily Fat CounterTests" */ = {
			isa = XCConfigurationList;
			buildConfigurations = (
				B8AFB10E27F13662008B5AD3 /* Debug */,
				B8AFB10F27F13662008B5AD3 /* Release */,
			);
			defaultConfigurationIsVisible = 0;
			defaultConfigurationName = Release;
		};
		B8AFB11027F13662008B5AD3 /* Build configuration list for PBXNativeTarget "Daily Fat CounterUITests" */ = {
			isa = XCConfigurationList;
			buildConfigurations = (
				B8AFB11127F13662008B5AD3 /* Debug */,
				B8AFB11227F13662008B5AD3 /* Release */,
			);
			defaultConfigurationIsVisible = 0;
			defaultConfigurationName = Release;
		};
		B8B8C5A929CE3333006DAA02 /* Build configuration list for PBXNativeTarget "Daily Fat Counter Watch Watch App" */ = {
			isa = XCConfigurationList;
			buildConfigurations = (
				B8B8C5A729CE3333006DAA02 /* Debug */,
				B8B8C5A829CE3333006DAA02 /* Release */,
			);
			defaultConfigurationIsVisible = 0;
			defaultConfigurationName = Release;
		};
		B8CEB39D29B2ED83004CE824 /* Build configuration list for PBXNativeTarget "Daily Fat Counter WidgetExtension" */ = {
			isa = XCConfigurationList;
			buildConfigurations = (
				B8CEB39B29B2ED83004CE824 /* Debug */,
				B8CEB39C29B2ED83004CE824 /* Release */,
			);
			defaultConfigurationIsVisible = 0;
			defaultConfigurationName = Release;
		};
/* End XCConfigurationList section */
	};
	rootObject = B8AFB0DE27F1365B008B5AD3 /* Project object */;
}
